// !$*UTF8*$!
{
	archiveVersion = 1;
	classes = {
	};
	objectVersion = 56;
	objects = {

/* Begin PBXBuildFile section */
		5B10130B2B2F017500F8C159 /* FinalPrice.swift in Sources */ = {isa = PBXBuildFile; fileRef = 5B10130A2B2F017500F8C159 /* FinalPrice.swift */; };
		5B10130D2B2F72D600F8C159 /* Tourist.swift in Sources */ = {isa = PBXBuildFile; fileRef = 5B10130C2B2F72D600F8C159 /* Tourist.swift */; };
		5B10130F2B2F746C00F8C159 /* TouristsInfo.swift in Sources */ = {isa = PBXBuildFile; fileRef = 5B10130E2B2F746C00F8C159 /* TouristsInfo.swift */; };
		5B1013112B2F784700F8C159 /* StackExtension.swift in Sources */ = {isa = PBXBuildFile; fileRef = 5B1013102B2F784700F8C159 /* StackExtension.swift */; };
		5B12AEA12B4F112600835D90 /* PageLink.swift in Sources */ = {isa = PBXBuildFile; fileRef = 5B12AEA02B4F112600835D90 /* PageLink.swift */; };
		5B317F922B2EEC7F00D8B44D /* HeadSection.swift in Sources */ = {isa = PBXBuildFile; fileRef = 5B317F912B2EEC7F00D8B44D /* HeadSection.swift */; };
		5B317F942B2EECB900D8B44D /* RegisterViewModel.swift in Sources */ = {isa = PBXBuildFile; fileRef = 5B317F932B2EECB900D8B44D /* RegisterViewModel.swift */; };
		5B317F962B2EECDE00D8B44D /* InfoBookingView.swift in Sources */ = {isa = PBXBuildFile; fileRef = 5B317F952B2EECDE00D8B44D /* InfoBookingView.swift */; };
		5B317F982B2EECFD00D8B44D /* InfoPersonView.swift in Sources */ = {isa = PBXBuildFile; fileRef = 5B317F972B2EECFD00D8B44D /* InfoPersonView.swift */; };
		5B317F9A2B2EED2D00D8B44D /* CustomTextFieldView.swift in Sources */ = {isa = PBXBuildFile; fileRef = 5B317F992B2EED2D00D8B44D /* CustomTextFieldView.swift */; };
		5B317F9C2B2EEE4400D8B44D /* InfoBooking.swift in Sources */ = {isa = PBXBuildFile; fileRef = 5B317F9B2B2EEE4400D8B44D /* InfoBooking.swift */; };
		5B317F9E2B2EF09600D8B44D /* PhoneNumberFormater.swift in Sources */ = {isa = PBXBuildFile; fileRef = 5B317F9D2B2EF09600D8B44D /* PhoneNumberFormater.swift */; };
		5B317FA12B2EF0E000D8B44D /* Regex.swift in Sources */ = {isa = PBXBuildFile; fileRef = 5B317FA02B2EF0E000D8B44D /* Regex.swift */; };
		5B317FA32B2EF10100D8B44D /* NumbersFormater.swift in Sources */ = {isa = PBXBuildFile; fileRef = 5B317FA22B2EF10100D8B44D /* NumbersFormater.swift */; };
		5B317FA52B2EFAA500D8B44D /* DateFormater.swift in Sources */ = {isa = PBXBuildFile; fileRef = 5B317FA42B2EFAA500D8B44D /* DateFormater.swift */; };
		5BA89F942B2C4C1C00210EE7 /* Assets.xcassets in Resources */ = {isa = PBXBuildFile; fileRef = 5BA89F932B2C4C1C00210EE7 /* Assets.xcassets */; };
		5BA89F972B2C4C1C00210EE7 /* Preview Assets.xcassets in Resources */ = {isa = PBXBuildFile; fileRef = 5BA89F962B2C4C1C00210EE7 /* Preview Assets.xcassets */; };
		5BA89FA12B2C4CF500210EE7 /* Colors.swift in Sources */ = {isa = PBXBuildFile; fileRef = 5BA89FA02B2C4CF500210EE7 /* Colors.swift */; };
		5BA89FAB2B2C532300210EE7 /* CoordinatorBookingApp.swift in Sources */ = {isa = PBXBuildFile; fileRef = 5BA89FAA2B2C532300210EE7 /* CoordinatorBookingApp.swift */; };
		5BA89FAD2B2C554E00210EE7 /* Coordinator.swift in Sources */ = {isa = PBXBuildFile; fileRef = 5BA89FAC2B2C554E00210EE7 /* Coordinator.swift */; };
		5BA89FB02B2C723700210EE7 /* HotelView.swift in Sources */ = {isa = PBXBuildFile; fileRef = 5BA89FAF2B2C723700210EE7 /* HotelView.swift */; };
		5BA89FB32B2C725300210EE7 /* RoomsView.swift in Sources */ = {isa = PBXBuildFile; fileRef = 5BA89FB22B2C725300210EE7 /* RoomsView.swift */; };
		5BA89FB62B2C726F00210EE7 /* BookedView.swift in Sources */ = {isa = PBXBuildFile; fileRef = 5BA89FB52B2C726F00210EE7 /* BookedView.swift */; };
		5BA89FB92B2C729E00210EE7 /* RegisterView.swift in Sources */ = {isa = PBXBuildFile; fileRef = 5BA89FB82B2C729E00210EE7 /* RegisterView.swift */; };
		5BA89FBB2B2C735000210EE7 /* CoordinatorView.swift in Sources */ = {isa = PBXBuildFile; fileRef = 5BA89FBA2B2C735000210EE7 /* CoordinatorView.swift */; };
		5BA89FBD2B2C799F00210EE7 /* HotelViewModel.swift in Sources */ = {isa = PBXBuildFile; fileRef = 5BA89FBC2B2C799F00210EE7 /* HotelViewModel.swift */; };
		5BA89FC02B2C79E100210EE7 /* Hotel.swift in Sources */ = {isa = PBXBuildFile; fileRef = 5BA89FBF2B2C79E100210EE7 /* Hotel.swift */; };
		5BA89FC42B2C7BB000210EE7 /* InfoHotel.swift in Sources */ = {isa = PBXBuildFile; fileRef = 5BA89FC32B2C7BB000210EE7 /* InfoHotel.swift */; };
		5BA89FC72B2C7C3600210EE7 /* ImageStackView.swift in Sources */ = {isa = PBXBuildFile; fileRef = 5BA89FC62B2C7C3600210EE7 /* ImageStackView.swift */; };
		5BA89FC92B2C7C6D00210EE7 /* StarRatingView.swift in Sources */ = {isa = PBXBuildFile; fileRef = 5BA89FC82B2C7C6D00210EE7 /* StarRatingView.swift */; };
		5BA89FCD2B2C7EEB00210EE7 /* AboutHotelView.swift in Sources */ = {isa = PBXBuildFile; fileRef = 5BA89FCC2B2C7EEB00210EE7 /* AboutHotelView.swift */; };
		5BA89FCF2B2C7F3A00210EE7 /* TagsView.swift in Sources */ = {isa = PBXBuildFile; fileRef = 5BA89FCE2B2C7F3A00210EE7 /* TagsView.swift */; };
		5BA89FD12B2C7FA300210EE7 /* AboutButtonView.swift in Sources */ = {isa = PBXBuildFile; fileRef = 5BA89FD02B2C7FA300210EE7 /* AboutButtonView.swift */; };
		5BA89FD32B2C848200210EE7 /* RoomsViewModel.swift in Sources */ = {isa = PBXBuildFile; fileRef = 5BA89FD22B2C848200210EE7 /* RoomsViewModel.swift */; };
		5BA89FD52B2C84A500210EE7 /* Room.swift in Sources */ = {isa = PBXBuildFile; fileRef = 5BA89FD42B2C84A500210EE7 /* Room.swift */; };
		5BA89FD82B2DCD1C00210EE7 /* PriceView.swift in Sources */ = {isa = PBXBuildFile; fileRef = 5BA89FD72B2DCD1C00210EE7 /* PriceView.swift */; };
		5BA89FDA2B2DE2C900210EE7 /* NextScreenButtonView.swift in Sources */ = {isa = PBXBuildFile; fileRef = 5BA89FD92B2DE2C900210EE7 /* NextScreenButtonView.swift */; };
		5BA89FDC2B2DED2C00210EE7 /* RowInfoRoom.swift in Sources */ = {isa = PBXBuildFile; fileRef = 5BA89FDB2B2DED2C00210EE7 /* RowInfoRoom.swift */; };
		5BBB963E2B31D21B00D4B094 /* NetworkManager.swift in Sources */ = {isa = PBXBuildFile; fileRef = 5BBB963D2B31D21B00D4B094 /* NetworkManager.swift */; };
/* End PBXBuildFile section */

/* Begin PBXFileReference section */
		5B10130A2B2F017500F8C159 /* FinalPrice.swift */ = {isa = PBXFileReference; lastKnownFileType = sourcecode.swift; path = FinalPrice.swift; sourceTree = "<group>"; };
		5B10130C2B2F72D600F8C159 /* Tourist.swift */ = {isa = PBXFileReference; lastKnownFileType = sourcecode.swift; path = Tourist.swift; sourceTree = "<group>"; };
		5B10130E2B2F746C00F8C159 /* TouristsInfo.swift */ = {isa = PBXFileReference; lastKnownFileType = sourcecode.swift; path = TouristsInfo.swift; sourceTree = "<group>"; };
		5B1013102B2F784700F8C159 /* StackExtension.swift */ = {isa = PBXFileReference; lastKnownFileType = sourcecode.swift; path = StackExtension.swift; sourceTree = "<group>"; };
		5B12AEA02B4F112600835D90 /* PageLink.swift */ = {isa = PBXFileReference; lastKnownFileType = sourcecode.swift; path = PageLink.swift; sourceTree = "<group>"; };
		5B317F912B2EEC7F00D8B44D /* HeadSection.swift */ = {isa = PBXFileReference; lastKnownFileType = sourcecode.swift; path = HeadSection.swift; sourceTree = "<group>"; };
		5B317F932B2EECB900D8B44D /* RegisterViewModel.swift */ = {isa = PBXFileReference; lastKnownFileType = sourcecode.swift; path = RegisterViewModel.swift; sourceTree = "<group>"; };
		5B317F952B2EECDE00D8B44D /* InfoBookingView.swift */ = {isa = PBXFileReference; lastKnownFileType = sourcecode.swift; path = InfoBookingView.swift; sourceTree = "<group>"; };
		5B317F972B2EECFD00D8B44D /* InfoPersonView.swift */ = {isa = PBXFileReference; lastKnownFileType = sourcecode.swift; path = InfoPersonView.swift; sourceTree = "<group>"; };
		5B317F992B2EED2D00D8B44D /* CustomTextFieldView.swift */ = {isa = PBXFileReference; lastKnownFileType = sourcecode.swift; path = CustomTextFieldView.swift; sourceTree = "<group>"; };
		5B317F9B2B2EEE4400D8B44D /* InfoBooking.swift */ = {isa = PBXFileReference; lastKnownFileType = sourcecode.swift; path = InfoBooking.swift; sourceTree = "<group>"; };
		5B317F9D2B2EF09600D8B44D /* PhoneNumberFormater.swift */ = {isa = PBXFileReference; lastKnownFileType = sourcecode.swift; path = PhoneNumberFormater.swift; sourceTree = "<group>"; };
		5B317FA02B2EF0E000D8B44D /* Regex.swift */ = {isa = PBXFileReference; lastKnownFileType = sourcecode.swift; path = Regex.swift; sourceTree = "<group>"; };
		5B317FA22B2EF10100D8B44D /* NumbersFormater.swift */ = {isa = PBXFileReference; lastKnownFileType = sourcecode.swift; path = NumbersFormater.swift; sourceTree = "<group>"; };
		5B317FA42B2EFAA500D8B44D /* DateFormater.swift */ = {isa = PBXFileReference; lastKnownFileType = sourcecode.swift; path = DateFormater.swift; sourceTree = "<group>"; };
		5BA89F8C2B2C4C1B00210EE7 /* Booking.app */ = {isa = PBXFileReference; explicitFileType = wrapper.application; includeInIndex = 0; path = Booking.app; sourceTree = BUILT_PRODUCTS_DIR; };
		5BA89F932B2C4C1C00210EE7 /* Assets.xcassets */ = {isa = PBXFileReference; lastKnownFileType = folder.assetcatalog; path = Assets.xcassets; sourceTree = "<group>"; };
		5BA89F962B2C4C1C00210EE7 /* Preview Assets.xcassets */ = {isa = PBXFileReference; lastKnownFileType = folder.assetcatalog; path = "Preview Assets.xcassets"; sourceTree = "<group>"; };
		5BA89FA02B2C4CF500210EE7 /* Colors.swift */ = {isa = PBXFileReference; lastKnownFileType = sourcecode.swift; path = Colors.swift; sourceTree = "<group>"; };
		5BA89FAA2B2C532300210EE7 /* CoordinatorBookingApp.swift */ = {isa = PBXFileReference; lastKnownFileType = sourcecode.swift; path = CoordinatorBookingApp.swift; sourceTree = "<group>"; };
		5BA89FAC2B2C554E00210EE7 /* Coordinator.swift */ = {isa = PBXFileReference; lastKnownFileType = sourcecode.swift; path = Coordinator.swift; sourceTree = "<group>"; };
		5BA89FAF2B2C723700210EE7 /* HotelView.swift */ = {isa = PBXFileReference; lastKnownFileType = sourcecode.swift; path = HotelView.swift; sourceTree = "<group>"; };
		5BA89FB22B2C725300210EE7 /* RoomsView.swift */ = {isa = PBXFileReference; lastKnownFileType = sourcecode.swift; path = RoomsView.swift; sourceTree = "<group>"; };
		5BA89FB52B2C726F00210EE7 /* BookedView.swift */ = {isa = PBXFileReference; lastKnownFileType = sourcecode.swift; path = BookedView.swift; sourceTree = "<group>"; };
		5BA89FB82B2C729E00210EE7 /* RegisterView.swift */ = {isa = PBXFileReference; lastKnownFileType = sourcecode.swift; path = RegisterView.swift; sourceTree = "<group>"; };
		5BA89FBA2B2C735000210EE7 /* CoordinatorView.swift */ = {isa = PBXFileReference; lastKnownFileType = sourcecode.swift; path = CoordinatorView.swift; sourceTree = "<group>"; };
		5BA89FBC2B2C799F00210EE7 /* HotelViewModel.swift */ = {isa = PBXFileReference; lastKnownFileType = sourcecode.swift; path = HotelViewModel.swift; sourceTree = "<group>"; };
		5BA89FBF2B2C79E100210EE7 /* Hotel.swift */ = {isa = PBXFileReference; lastKnownFileType = sourcecode.swift; path = Hotel.swift; sourceTree = "<group>"; };
		5BA89FC32B2C7BB000210EE7 /* InfoHotel.swift */ = {isa = PBXFileReference; lastKnownFileType = sourcecode.swift; path = InfoHotel.swift; sourceTree = "<group>"; };
		5BA89FC62B2C7C3600210EE7 /* ImageStackView.swift */ = {isa = PBXFileReference; lastKnownFileType = sourcecode.swift; path = ImageStackView.swift; sourceTree = "<group>"; };
		5BA89FC82B2C7C6D00210EE7 /* StarRatingView.swift */ = {isa = PBXFileReference; lastKnownFileType = sourcecode.swift; path = StarRatingView.swift; sourceTree = "<group>"; };
		5BA89FCC2B2C7EEB00210EE7 /* AboutHotelView.swift */ = {isa = PBXFileReference; lastKnownFileType = sourcecode.swift; path = AboutHotelView.swift; sourceTree = "<group>"; };
		5BA89FCE2B2C7F3A00210EE7 /* TagsView.swift */ = {isa = PBXFileReference; lastKnownFileType = sourcecode.swift; path = TagsView.swift; sourceTree = "<group>"; };
		5BA89FD02B2C7FA300210EE7 /* AboutButtonView.swift */ = {isa = PBXFileReference; lastKnownFileType = sourcecode.swift; path = AboutButtonView.swift; sourceTree = "<group>"; };
		5BA89FD22B2C848200210EE7 /* RoomsViewModel.swift */ = {isa = PBXFileReference; lastKnownFileType = sourcecode.swift; path = RoomsViewModel.swift; sourceTree = "<group>"; };
		5BA89FD42B2C84A500210EE7 /* Room.swift */ = {isa = PBXFileReference; lastKnownFileType = sourcecode.swift; path = Room.swift; sourceTree = "<group>"; };
		5BA89FD72B2DCD1C00210EE7 /* PriceView.swift */ = {isa = PBXFileReference; lastKnownFileType = sourcecode.swift; path = PriceView.swift; sourceTree = "<group>"; };
		5BA89FD92B2DE2C900210EE7 /* NextScreenButtonView.swift */ = {isa = PBXFileReference; lastKnownFileType = sourcecode.swift; path = NextScreenButtonView.swift; sourceTree = "<group>"; };
		5BA89FDB2B2DED2C00210EE7 /* RowInfoRoom.swift */ = {isa = PBXFileReference; lastKnownFileType = sourcecode.swift; path = RowInfoRoom.swift; sourceTree = "<group>"; };
		5BBB963D2B31D21B00D4B094 /* NetworkManager.swift */ = {isa = PBXFileReference; lastKnownFileType = sourcecode.swift; path = NetworkManager.swift; sourceTree = "<group>"; };
/* End PBXFileReference section */

/* Begin PBXFrameworksBuildPhase section */
		5BA89F892B2C4C1B00210EE7 /* Frameworks */ = {
			isa = PBXFrameworksBuildPhase;
			buildActionMask = 2147483647;
			files = (
			);
			runOnlyForDeploymentPostprocessing = 0;
		};
/* End PBXFrameworksBuildPhase section */

/* Begin PBXGroup section */
		5B317F9F2B2EF0A800D8B44D /* Extension */ = {
			isa = PBXGroup;
			children = (
				5B317F9D2B2EF09600D8B44D /* PhoneNumberFormater.swift */,
				5B317FA22B2EF10100D8B44D /* NumbersFormater.swift */,
				5B317FA42B2EFAA500D8B44D /* DateFormater.swift */,
				5B317FA02B2EF0E000D8B44D /* Regex.swift */,
			);
			path = Extension;
			sourceTree = "<group>";
		};
		5B69C1092B34561A0078CA91 /* Network */ = {
			isa = PBXGroup;
			children = (
				5BBB963D2B31D21B00D4B094 /* NetworkManager.swift */,
				5B12AEA02B4F112600835D90 /* PageLink.swift */,
			);
			path = Network;
			sourceTree = "<group>";
		};
		5BA89F832B2C4C1B00210EE7 = {
			isa = PBXGroup;
			children = (
				5BA89F8E2B2C4C1B00210EE7 /* Booking */,
				5BA89F8D2B2C4C1B00210EE7 /* Products */,
			);
			sourceTree = "<group>";
		};
		5BA89F8D2B2C4C1B00210EE7 /* Products */ = {
			isa = PBXGroup;
			children = (
				5BA89F8C2B2C4C1B00210EE7 /* Booking.app */,
			);
			name = Products;
			sourceTree = "<group>";
		};
		5BA89F8E2B2C4C1B00210EE7 /* Booking */ = {
			isa = PBXGroup;
			children = (
				5BA89FA22B2C4D7800210EE7 /* Coordinator */,
				5BB5C5692B36262700902357 /* Scene */,
				5B69C1092B34561A0078CA91 /* Network */,
				5BA89FBE2B2C79C700210EE7 /* Models */,
				5BA89F9F2B2C4CBD00210EE7 /* Theme */,
				5BA89FC52B2C7C1700210EE7 /* CommonViews */,
				5B317F9F2B2EF0A800D8B44D /* Extension */,
				5BA89F952B2C4C1C00210EE7 /* Preview Content */,
				5BA89F932B2C4C1C00210EE7 /* Assets.xcassets */,
			);
			path = Booking;
			sourceTree = "<group>";
		};
		5BA89F952B2C4C1C00210EE7 /* Preview Content */ = {
			isa = PBXGroup;
			children = (
				5BA89F962B2C4C1C00210EE7 /* Preview Assets.xcassets */,
			);
			path = "Preview Content";
			sourceTree = "<group>";
		};
		5BA89F9F2B2C4CBD00210EE7 /* Theme */ = {
			isa = PBXGroup;
			children = (
				5B1013102B2F784700F8C159 /* StackExtension.swift */,
				5BA89FA02B2C4CF500210EE7 /* Colors.swift */,
			);
			path = Theme;
			sourceTree = "<group>";
		};
		5BA89FA22B2C4D7800210EE7 /* Coordinator */ = {
			isa = PBXGroup;
			children = (
				5BA89FAA2B2C532300210EE7 /* CoordinatorBookingApp.swift */,
				5BA89FBA2B2C735000210EE7 /* CoordinatorView.swift */,
				5BA89FAC2B2C554E00210EE7 /* Coordinator.swift */,
			);
			path = Coordinator;
			sourceTree = "<group>";
		};
		5BA89FAE2B2C71FE00210EE7 /* SceneHotels */ = {
			isa = PBXGroup;
			children = (
				5BA89FBC2B2C799F00210EE7 /* HotelViewModel.swift */,
				5BA89FAF2B2C723700210EE7 /* HotelView.swift */,
				5BA89FC32B2C7BB000210EE7 /* InfoHotel.swift */,
				5BA89FCC2B2C7EEB00210EE7 /* AboutHotelView.swift */,
				5BA89FD02B2C7FA300210EE7 /* AboutButtonView.swift */,
			);
			path = SceneHotels;
			sourceTree = "<group>";
		};
		5BA89FB12B2C723D00210EE7 /* SceneRooms */ = {
			isa = PBXGroup;
			children = (
				5BA89FD22B2C848200210EE7 /* RoomsViewModel.swift */,
				5BA89FB22B2C725300210EE7 /* RoomsView.swift */,
				5BA89FD72B2DCD1C00210EE7 /* PriceView.swift */,
			);
			path = SceneRooms;
			sourceTree = "<group>";
		};
		5BA89FB42B2C725900210EE7 /* SceneBooked */ = {
			isa = PBXGroup;
			children = (
				5BA89FB52B2C726F00210EE7 /* BookedView.swift */,
			);
			path = SceneBooked;
			sourceTree = "<group>";
		};
		5BA89FB72B2C727300210EE7 /* SceneRegister */ = {
			isa = PBXGroup;
			children = (
				5B317F932B2EECB900D8B44D /* RegisterViewModel.swift */,
				5BA89FB82B2C729E00210EE7 /* RegisterView.swift */,
				5B317F912B2EEC7F00D8B44D /* HeadSection.swift */,
				5B317F952B2EECDE00D8B44D /* InfoBookingView.swift */,
				5B317F972B2EECFD00D8B44D /* InfoPersonView.swift */,
				5B10130A2B2F017500F8C159 /* FinalPrice.swift */,
				5B10130E2B2F746C00F8C159 /* TouristsInfo.swift */,
			);
			path = SceneRegister;
			sourceTree = "<group>";
		};
		5BA89FBE2B2C79C700210EE7 /* Models */ = {
			isa = PBXGroup;
			children = (
				5BA89FBF2B2C79E100210EE7 /* Hotel.swift */,
				5BA89FD42B2C84A500210EE7 /* Room.swift */,
				5BA89FDB2B2DED2C00210EE7 /* RowInfoRoom.swift */,
				5B317F9B2B2EEE4400D8B44D /* InfoBooking.swift */,
				5B10130C2B2F72D600F8C159 /* Tourist.swift */,
			);
			path = Models;
			sourceTree = "<group>";
		};
		5BA89FC52B2C7C1700210EE7 /* CommonViews */ = {
			isa = PBXGroup;
			children = (
				5BA89FD92B2DE2C900210EE7 /* NextScreenButtonView.swift */,
				5BA89FC62B2C7C3600210EE7 /* ImageStackView.swift */,
				5BA89FC82B2C7C6D00210EE7 /* StarRatingView.swift */,
				5BA89FCE2B2C7F3A00210EE7 /* TagsView.swift */,
				5B317F992B2EED2D00D8B44D /* CustomTextFieldView.swift */,
			);
			path = CommonViews;
			sourceTree = "<group>";
		};
		5BB5C5692B36262700902357 /* Scene */ = {
			isa = PBXGroup;
			children = (
				5BA89FAE2B2C71FE00210EE7 /* SceneHotels */,
				5BA89FB12B2C723D00210EE7 /* SceneRooms */,
				5BA89FB72B2C727300210EE7 /* SceneRegister */,
				5BA89FB42B2C725900210EE7 /* SceneBooked */,
			);
			path = Scene;
			sourceTree = "<group>";
		};
/* End PBXGroup section */

/* Begin PBXNativeTarget section */
		5BA89F8B2B2C4C1B00210EE7 /* Booking */ = {
			isa = PBXNativeTarget;
			buildConfigurationList = 5BA89F9A2B2C4C1C00210EE7 /* Build configuration list for PBXNativeTarget "Booking" */;
			buildPhases = (
				5BA89F882B2C4C1B00210EE7 /* Sources */,
				5BA89F892B2C4C1B00210EE7 /* Frameworks */,
				5BA89F8A2B2C4C1B00210EE7 /* Resources */,
			);
			buildRules = (
			);
			dependencies = (
			);
			name = Booking;
			productName = Booking;
			productReference = 5BA89F8C2B2C4C1B00210EE7 /* Booking.app */;
			productType = "com.apple.product-type.application";
		};
/* End PBXNativeTarget section */

/* Begin PBXProject section */
		5BA89F842B2C4C1B00210EE7 /* Project object */ = {
			isa = PBXProject;
			attributes = {
				BuildIndependentTargetsInParallel = 1;
				LastSwiftUpdateCheck = 1500;
				LastUpgradeCheck = 1500;
				TargetAttributes = {
					5BA89F8B2B2C4C1B00210EE7 = {
						CreatedOnToolsVersion = 15.0;
					};
				};
			};
			buildConfigurationList = 5BA89F872B2C4C1B00210EE7 /* Build configuration list for PBXProject "Booking" */;
			compatibilityVersion = "Xcode 14.0";
			developmentRegion = en;
			hasScannedForEncodings = 0;
			knownRegions = (
				en,
				Base,
			);
			mainGroup = 5BA89F832B2C4C1B00210EE7;
			productRefGroup = 5BA89F8D2B2C4C1B00210EE7 /* Products */;
			projectDirPath = "";
			projectRoot = "";
			targets = (
				5BA89F8B2B2C4C1B00210EE7 /* Booking */,
			);
		};
/* End PBXProject section */

/* Begin PBXResourcesBuildPhase section */
		5BA89F8A2B2C4C1B00210EE7 /* Resources */ = {
			isa = PBXResourcesBuildPhase;
			buildActionMask = 2147483647;
			files = (
				5BA89F972B2C4C1C00210EE7 /* Preview Assets.xcassets in Resources */,
				5BA89F942B2C4C1C00210EE7 /* Assets.xcassets in Resources */,
			);
			runOnlyForDeploymentPostprocessing = 0;
		};
/* End PBXResourcesBuildPhase section */

/* Begin PBXSourcesBuildPhase section */
		5BA89F882B2C4C1B00210EE7 /* Sources */ = {
			isa = PBXSourcesBuildPhase;
			buildActionMask = 2147483647;
			files = (
				5B12AEA12B4F112600835D90 /* PageLink.swift in Sources */,
				5B317FA32B2EF10100D8B44D /* NumbersFormater.swift in Sources */,
				5B10130D2B2F72D600F8C159 /* Tourist.swift in Sources */,
				5B317FA12B2EF0E000D8B44D /* Regex.swift in Sources */,
				5BBB963E2B31D21B00D4B094 /* NetworkManager.swift in Sources */,
				5B10130B2B2F017500F8C159 /* FinalPrice.swift in Sources */,
				5B317F9C2B2EEE4400D8B44D /* InfoBooking.swift in Sources */,
				5BA89FB92B2C729E00210EE7 /* RegisterView.swift in Sources */,
				5BA89FD52B2C84A500210EE7 /* Room.swift in Sources */,
				5BA89FCD2B2C7EEB00210EE7 /* AboutHotelView.swift in Sources */,
				5BA89FDC2B2DED2C00210EE7 /* RowInfoRoom.swift in Sources */,
				5BA89FBB2B2C735000210EE7 /* CoordinatorView.swift in Sources */,
				5BA89FC42B2C7BB000210EE7 /* InfoHotel.swift in Sources */,
				5B317F962B2EECDE00D8B44D /* InfoBookingView.swift in Sources */,
				5BA89FC72B2C7C3600210EE7 /* ImageStackView.swift in Sources */,
				5BA89FD12B2C7FA300210EE7 /* AboutButtonView.swift in Sources */,
				5BA89FA12B2C4CF500210EE7 /* Colors.swift in Sources */,
				5BA89FB62B2C726F00210EE7 /* BookedView.swift in Sources */,
				5B317F9E2B2EF09600D8B44D /* PhoneNumberFormater.swift in Sources */,
				5BA89FC92B2C7C6D00210EE7 /* StarRatingView.swift in Sources */,
				5BA89FBD2B2C799F00210EE7 /* HotelViewModel.swift in Sources */,
				5BA89FD82B2DCD1C00210EE7 /* PriceView.swift in Sources */,
				5BA89FDA2B2DE2C900210EE7 /* NextScreenButtonView.swift in Sources */,
				5BA89FAD2B2C554E00210EE7 /* Coordinator.swift in Sources */,
				5BA89FAB2B2C532300210EE7 /* CoordinatorBookingApp.swift in Sources */,
				5B1013112B2F784700F8C159 /* StackExtension.swift in Sources */,
				5BA89FB32B2C725300210EE7 /* RoomsView.swift in Sources */,
				5B317F9A2B2EED2D00D8B44D /* CustomTextFieldView.swift in Sources */,
				5B317F982B2EECFD00D8B44D /* InfoPersonView.swift in Sources */,
				5BA89FB02B2C723700210EE7 /* HotelView.swift in Sources */,
				5B317F942B2EECB900D8B44D /* RegisterViewModel.swift in Sources */,
				5B10130F2B2F746C00F8C159 /* TouristsInfo.swift in Sources */,
				5BA89FC02B2C79E100210EE7 /* Hotel.swift in Sources */,
				5B317FA52B2EFAA500D8B44D /* DateFormater.swift in Sources */,
				5BA89FCF2B2C7F3A00210EE7 /* TagsView.swift in Sources */,
				5BA89FD32B2C848200210EE7 /* RoomsViewModel.swift in Sources */,
				5B317F922B2EEC7F00D8B44D /* HeadSection.swift in Sources */,
			);
			runOnlyForDeploymentPostprocessing = 0;
		};
/* End PBXSourcesBuildPhase section */

/* Begin XCBuildConfiguration section */
		5BA89F982B2C4C1C00210EE7 /* Debug */ = {
			isa = XCBuildConfiguration;
			buildSettings = {
				ALWAYS_SEARCH_USER_PATHS = NO;
				ASSETCATALOG_COMPILER_GENERATE_SWIFT_ASSET_SYMBOL_EXTENSIONS = YES;
				CLANG_ANALYZER_NONNULL = YES;
				CLANG_ANALYZER_NUMBER_OBJECT_CONVERSION = YES_AGGRESSIVE;
				CLANG_CXX_LANGUAGE_STANDARD = "gnu++20";
				CLANG_ENABLE_MODULES = YES;
				CLANG_ENABLE_OBJC_ARC = YES;
				CLANG_ENABLE_OBJC_WEAK = YES;
				CLANG_WARN_BLOCK_CAPTURE_AUTORELEASING = YES;
				CLANG_WARN_BOOL_CONVERSION = YES;
				CLANG_WARN_COMMA = YES;
				CLANG_WARN_CONSTANT_CONVERSION = YES;
				CLANG_WARN_DEPRECATED_OBJC_IMPLEMENTATIONS = YES;
				CLANG_WARN_DIRECT_OBJC_ISA_USAGE = YES_ERROR;
				CLANG_WARN_DOCUMENTATION_COMMENTS = YES;
				CLANG_WARN_EMPTY_BODY = YES;
				CLANG_WARN_ENUM_CONVERSION = YES;
				CLANG_WARN_INFINITE_RECURSION = YES;
				CLANG_WARN_INT_CONVERSION = YES;
				CLANG_WARN_NON_LITERAL_NULL_CONVERSION = YES;
				CLANG_WARN_OBJC_IMPLICIT_RETAIN_SELF = YES;
				CLANG_WARN_OBJC_LITERAL_CONVERSION = YES;
				CLANG_WARN_OBJC_ROOT_CLASS = YES_ERROR;
				CLANG_WARN_QUOTED_INCLUDE_IN_FRAMEWORK_HEADER = YES;
				CLANG_WARN_RANGE_LOOP_ANALYSIS = YES;
				CLANG_WARN_STRICT_PROTOTYPES = YES;
				CLANG_WARN_SUSPICIOUS_MOVE = YES;
				CLANG_WARN_UNGUARDED_AVAILABILITY = YES_AGGRESSIVE;
				CLANG_WARN_UNREACHABLE_CODE = YES;
				CLANG_WARN__DUPLICATE_METHOD_MATCH = YES;
				COPY_PHASE_STRIP = NO;
				DEBUG_INFORMATION_FORMAT = dwarf;
				ENABLE_STRICT_OBJC_MSGSEND = YES;
				ENABLE_TESTABILITY = YES;
				ENABLE_USER_SCRIPT_SANDBOXING = YES;
				GCC_C_LANGUAGE_STANDARD = gnu17;
				GCC_DYNAMIC_NO_PIC = NO;
				GCC_NO_COMMON_BLOCKS = YES;
				GCC_OPTIMIZATION_LEVEL = 0;
				GCC_PREPROCESSOR_DEFINITIONS = (
					"DEBUG=1",
					"$(inherited)",
				);
				GCC_WARN_64_TO_32_BIT_CONVERSION = YES;
				GCC_WARN_ABOUT_RETURN_TYPE = YES_ERROR;
				GCC_WARN_UNDECLARED_SELECTOR = YES;
				GCC_WARN_UNINITIALIZED_AUTOS = YES_AGGRESSIVE;
				GCC_WARN_UNUSED_FUNCTION = YES;
				GCC_WARN_UNUSED_VARIABLE = YES;
				IPHONEOS_DEPLOYMENT_TARGET = 17.0;
				LOCALIZATION_PREFERS_STRING_CATALOGS = YES;
				MTL_ENABLE_DEBUG_INFO = INCLUDE_SOURCE;
				MTL_FAST_MATH = YES;
				ONLY_ACTIVE_ARCH = YES;
				SDKROOT = iphoneos;
				SWIFT_ACTIVE_COMPILATION_CONDITIONS = "DEBUG $(inherited)";
				SWIFT_OPTIMIZATION_LEVEL = "-Onone";
			};
			name = Debug;
		};
		5BA89F992B2C4C1C00210EE7 /* Release */ = {
			isa = XCBuildConfiguration;
			buildSettings = {
				ALWAYS_SEARCH_USER_PATHS = NO;
				ASSETCATALOG_COMPILER_GENERATE_SWIFT_ASSET_SYMBOL_EXTENSIONS = YES;
				CLANG_ANALYZER_NONNULL = YES;
				CLANG_ANALYZER_NUMBER_OBJECT_CONVERSION = YES_AGGRESSIVE;
				CLANG_CXX_LANGUAGE_STANDARD = "gnu++20";
				CLANG_ENABLE_MODULES = YES;
				CLANG_ENABLE_OBJC_ARC = YES;
				CLANG_ENABLE_OBJC_WEAK = YES;
				CLANG_WARN_BLOCK_CAPTURE_AUTORELEASING = YES;
				CLANG_WARN_BOOL_CONVERSION = YES;
				CLANG_WARN_COMMA = YES;
				CLANG_WARN_CONSTANT_CONVERSION = YES;
				CLANG_WARN_DEPRECATED_OBJC_IMPLEMENTATIONS = YES;
				CLANG_WARN_DIRECT_OBJC_ISA_USAGE = YES_ERROR;
				CLANG_WARN_DOCUMENTATION_COMMENTS = YES;
				CLANG_WARN_EMPTY_BODY = YES;
				CLANG_WARN_ENUM_CONVERSION = YES;
				CLANG_WARN_INFINITE_RECURSION = YES;
				CLANG_WARN_INT_CONVERSION = YES;
				CLANG_WARN_NON_LITERAL_NULL_CONVERSION = YES;
				CLANG_WARN_OBJC_IMPLICIT_RETAIN_SELF = YES;
				CLANG_WARN_OBJC_LITERAL_CONVERSION = YES;
				CLANG_WARN_OBJC_ROOT_CLASS = YES_ERROR;
				CLANG_WARN_QUOTED_INCLUDE_IN_FRAMEWORK_HEADER = YES;
				CLANG_WARN_RANGE_LOOP_ANALYSIS = YES;
				CLANG_WARN_STRICT_PROTOTYPES = YES;
				CLANG_WARN_SUSPICIOUS_MOVE = YES;
				CLANG_WARN_UNGUARDED_AVAILABILITY = YES_AGGRESSIVE;
				CLANG_WARN_UNREACHABLE_CODE = YES;
				CLANG_WARN__DUPLICATE_METHOD_MATCH = YES;
				COPY_PHASE_STRIP = NO;
				DEBUG_INFORMATION_FORMAT = "dwarf-with-dsym";
				ENABLE_NS_ASSERTIONS = NO;
				ENABLE_STRICT_OBJC_MSGSEND = YES;
				ENABLE_USER_SCRIPT_SANDBOXING = YES;
				GCC_C_LANGUAGE_STANDARD = gnu17;
				GCC_NO_COMMON_BLOCKS = YES;
				GCC_WARN_64_TO_32_BIT_CONVERSION = YES;
				GCC_WARN_ABOUT_RETURN_TYPE = YES_ERROR;
				GCC_WARN_UNDECLARED_SELECTOR = YES;
				GCC_WARN_UNINITIALIZED_AUTOS = YES_AGGRESSIVE;
				GCC_WARN_UNUSED_FUNCTION = YES;
				GCC_WARN_UNUSED_VARIABLE = YES;
				IPHONEOS_DEPLOYMENT_TARGET = 17.0;
				LOCALIZATION_PREFERS_STRING_CATALOGS = YES;
				MTL_ENABLE_DEBUG_INFO = NO;
				MTL_FAST_MATH = YES;
				SDKROOT = iphoneos;
				SWIFT_COMPILATION_MODE = wholemodule;
				VALIDATE_PRODUCT = YES;
			};
			name = Release;
		};
		5BA89F9B2B2C4C1C00210EE7 /* Debug */ = {
			isa = XCBuildConfiguration;
			buildSettings = {
				ASSETCATALOG_COMPILER_APPICON_NAME = AppIcon;
				ASSETCATALOG_COMPILER_GLOBAL_ACCENT_COLOR_NAME = AccentColor;
				CODE_SIGN_STYLE = Automatic;
				CURRENT_PROJECT_VERSION = 1;
				DEVELOPMENT_ASSET_PATHS = "\"Booking/Preview Content\"";
				DEVELOPMENT_TEAM = 6RAY94QJCX;
				ENABLE_PREVIEWS = YES;
				GENERATE_INFOPLIST_FILE = YES;
				INFOPLIST_KEY_UIApplicationSceneManifest_Generation = YES;
				INFOPLIST_KEY_UIApplicationSupportsIndirectInputEvents = YES;
				INFOPLIST_KEY_UILaunchScreen_Generation = YES;
				INFOPLIST_KEY_UISupportedInterfaceOrientations = UIInterfaceOrientationPortrait;
				INFOPLIST_KEY_UISupportedInterfaceOrientations_iPad = "UIInterfaceOrientationLandscapeLeft UIInterfaceOrientationLandscapeRight UIInterfaceOrientationPortrait UIInterfaceOrientationPortraitUpsideDown";
				IPHONEOS_DEPLOYMENT_TARGET = 16.2;
				LD_RUNPATH_SEARCH_PATHS = (
					"$(inherited)",
					"@executable_path/Frameworks",
				);
				MARKETING_VERSION = 1.0;
				PRODUCT_BUNDLE_IDENTIFIER = com.Booking;
				PRODUCT_NAME = "$(TARGET_NAME)";
				SUPPORTED_PLATFORMS = "iphoneos iphonesimulator";
				SUPPORTS_MACCATALYST = NO;
				SUPPORTS_MAC_DESIGNED_FOR_IPHONE_IPAD = NO;
				SWIFT_EMIT_LOC_STRINGS = YES;
				SWIFT_VERSION = 5.0;
				TARGETED_DEVICE_FAMILY = 1;
			};
			name = Debug;
		};
		5BA89F9C2B2C4C1C00210EE7 /* Release */ = {
			isa = XCBuildConfiguration;
			buildSettings = {
				ASSETCATALOG_COMPILER_APPICON_NAME = AppIcon;
				ASSETCATALOG_COMPILER_GLOBAL_ACCENT_COLOR_NAME = AccentColor;
				CODE_SIGN_STYLE = Automatic;
				CURRENT_PROJECT_VERSION = 1;
				DEVELOPMENT_ASSET_PATHS = "\"Booking/Preview Content\"";
				DEVELOPMENT_TEAM = 6RAY94QJCX;
				ENABLE_PREVIEWS = YES;
				GENERATE_INFOPLIST_FILE = YES;
				INFOPLIST_KEY_UIApplicationSceneManifest_Generation = YES;
				INFOPLIST_KEY_UIApplicationSupportsIndirectInputEvents = YES;
				INFOPLIST_KEY_UILaunchScreen_Generation = YES;
				INFOPLIST_KEY_UISupportedInterfaceOrientations = UIInterfaceOrientationPortrait;
				INFOPLIST_KEY_UISupportedInterfaceOrientations_iPad = "UIInterfaceOrientationLandscapeLeft UIInterfaceOrientationLandscapeRight UIInterfaceOrientationPortrait UIInterfaceOrientationPortraitUpsideDown";
				IPHONEOS_DEPLOYMENT_TARGET = 16.2;
				LD_RUNPATH_SEARCH_PATHS = (
					"$(inherited)",
					"@executable_path/Frameworks",
				);
				MARKETING_VERSION = 1.0;
				PRODUCT_BUNDLE_IDENTIFIER = com.Booking;
				PRODUCT_NAME = "$(TARGET_NAME)";
				SUPPORTED_PLATFORMS = "iphoneos iphonesimulator";
				SUPPORTS_MACCATALYST = NO;
				SUPPORTS_MAC_DESIGNED_FOR_IPHONE_IPAD = NO;
				SWIFT_EMIT_LOC_STRINGS = YES;
				SWIFT_VERSION = 5.0;
				TARGETED_DEVICE_FAMILY = 1;
			};
			name = Release;
		};
/* End XCBuildConfiguration section */

/* Begin XCConfigurationList section */
		5BA89F872B2C4C1B00210EE7 /* Build configuration list for PBXProject "Booking" */ = {
			isa = XCConfigurationList;
			buildConfigurations = (
				5BA89F982B2C4C1C00210EE7 /* Debug */,
				5BA89F992B2C4C1C00210EE7 /* Release */,
			);
			defaultConfigurationIsVisible = 0;
			defaultConfigurationName = Release;
		};
		5BA89F9A2B2C4C1C00210EE7 /* Build configuration list for PBXNativeTarget "Booking" */ = {
			isa = XCConfigurationList;
			buildConfigurations = (
				5BA89F9B2B2C4C1C00210EE7 /* Debug */,
				5BA89F9C2B2C4C1C00210EE7 /* Release */,
			);
			defaultConfigurationIsVisible = 0;
			defaultConfigurationName = Release;
		};
/* End XCConfigurationList section */
	};
	rootObject = 5BA89F842B2C4C1B00210EE7 /* Project object */;
}
